<?xml version="1.0" encoding="UTF-8" standalone="yes" ?>
<CodeBlocks_project_file>
	<FileVersion major="1" minor="6" />
	<Project>
		<Option title="TerrainTest" />
		<Option pch_mode="0" />
		<Option default_target="default" />
		<Option compiler="gcc" />
		<Build>
			<Target title="default">
				<Option output="..\..\..\bin\binw\TerrainTest.exe" prefix_auto="0" extension_auto="0" />
				<Option working_dir="..\..\..\bin\binw\" />
				<Option object_output="..\..\obj" />
				<Option type="1" />
				<Option compiler="gcc" />
				<Option projectResourceIncludeDirsRelation="1" />
			</Target>
			<Target title="Linux">
				<Option output="..\..\..\bin\binl\TerrainTest" prefix_auto="1" extension_auto="1" />
				<Option type="0" />
				<Option compiler="gcc" />
				<Compiler>
					<Add directory="..\..\asnCommon" />
				</Compiler>
				<Linker>
					<Add library="dl" />
				</Linker>
			</Target>
		</Build>
		<VirtualTargets>
			<Add alias="All" targets="default;" />
		</VirtualTargets>
		<Compiler>
			<Add directory="..\..\..\include" />
		</Compiler>
		<Unit filename="..\..\..\include\ASN_Params.cpp" />
		<Unit filename="..\..\..\include\ASN_Params.h" />
		<Unit filename="..\..\..\include\os_loadmodule.cpp" />
		<Unit filename="..\..\asnCommon\ASN_utils.cpp" />
		<Unit filename="..\..\asnCommon\ASN_utils.h" />
		<Unit filename="..\..\asnCommon\os_deps.cpp" />
		<Unit filename="..\..\asnCommon\os_deps.h" />
		<Unit filename="main.cpp" />
		<Extensions>
			<code_completion />
			<debugger />
			<envvars />
		</Extensions>
	</Project>
</CodeBlocks_project_file>
